
Microsoft Visual Studio Solution File, Format Version 12.00
# Visual Studio 2017
Project("{FAE04EC0-301F-11D3-BF4B-00C04F79EFBC}") = "CharlesTheAntiVirus-feature-last_class", "CharlesTheAntiVirus-feature-last_class.csproj", "{0B845167-A9BF-DBAA-1E08-229BCF9BFB86}"
EndProject
Global
	GlobalSection(SolutionConfigurationPlatforms) = preSolution
		Debug|Any CPU = Debug|Any CPU
		Release|Any CPU = Release|Any CPU
	EndGlobalSection
	GlobalSection(ProjectConfigurationPlatforms) = postSolution
		{0B845167-A9BF-DBAA-1E08-229BCF9BFB86}.Debug|Any CPU.ActiveCfg = Debug|Any CPU
		{0B845167-A9BF-DBAA-1E08-229BCF9BFB86}.Debug|Any CPU.Build.0 = Debug|Any CPU
		{0B845167-A9BF-DBAA-1E08-229BCF9BFB86}.Release|Any CPU.ActiveCfg = Release|Any CPU
		{0B845167-A9BF-DBAA-1E08-229BCF9BFB86}.Release|Any CPU.Build.0 = Release|Any CPU
	EndGlobalSection
	GlobalSection(SolutionProperties) = preSolution
		HideSolutionNode = FALSE
	EndGlobalSection
EndGlobal
